
Microsoft Visual Studio Solution File, Format Version 12.00
# Visual Studio Version 17
VisualStudioVersion = 17.7.34031.279
MinimumVisualStudioVersion = 10.0.40219.1
Project("{9A19103F-16F7-4668-BE54-9A1E7A4F7556}") = "Kanoe", "Kanoe.csproj", "{994CD05F-FB45-4628-9647-687A4690C438}"
EndProject
Project("{9A19103F-16F7-4668-BE54-9A1E7A4F7556}") = "AppUi", "AppUi\AppUi.csproj", "{8A26D963-183B-4443-BB0C-97FF7FC42408}"
EndProject
Global
	GlobalSection(SolutionConfigurationPlatforms) = preSolution
		Debug|Any CPU = Debug|Any CPU
		Release|Any CPU = Release|Any CPU
	EndGlobalSection
	GlobalSection(ProjectConfigurationPlatforms) = postSolution
		{994CD05F-FB45-4628-9647-687A4690C438}.Debug|Any CPU.ActiveCfg = Debug|Any CPU
		{994CD05F-FB45-4628-9647-687A4690C438}.Debug|Any CPU.Build.0 = Debug|Any CPU
		{994CD05F-FB45-4628-9647-687A4690C438}.Release|Any CPU.ActiveCfg = Release|Any CPU
		{994CD05F-FB45-4628-9647-687A4690C438}.Release|Any CPU.Build.0 = Release|Any CPU
		{8A26D963-183B-4443-BB0C-97FF7FC42408}.Debug|Any CPU.ActiveCfg = Debug|Any CPU
		{8A26D963-183B-4443-BB0C-97FF7FC42408}.Release|Any CPU.ActiveCfg = Release|Any CPU
		{8A26D963-183B-4443-BB0C-97FF7FC42408}.Release|Any CPU.Build.0 = Release|Any CPU
	EndGlobalSection
	GlobalSection(SolutionProperties) = preSolution
		HideSolutionNode = FALSE
	EndGlobalSection
	GlobalSection(ExtensibilityGlobals) = postSolution
		SolutionGuid = {738E65ED-CE68-4A4E-BAA3-5046AB952FEE}
	EndGlobalSection
EndGlobal
